// !$*UTF8*$!
{
	archiveVersion = 1;
	classes = {
	};
	objectVersion = 55;
	objects = {

/* Begin PBXBuildFile section */
		84A3B57028041EEB0081ABF1 /* AppDelegate.swift in Sources */ = {isa = PBXBuildFile; fileRef = 84A3B56F28041EEB0081ABF1 /* AppDelegate.swift */; };
		84A3B57228041EEB0081ABF1 /* SceneDelegate.swift in Sources */ = {isa = PBXBuildFile; fileRef = 84A3B57128041EEB0081ABF1 /* SceneDelegate.swift */; };
		84A3B57428041EEB0081ABF1 /* ViewController.swift in Sources */ = {isa = PBXBuildFile; fileRef = 84A3B57328041EEB0081ABF1 /* ViewController.swift */; };
		84A3B57728041EEB0081ABF1 /* Main.storyboard in Resources */ = {isa = PBXBuildFile; fileRef = 84A3B57528041EEB0081ABF1 /* Main.storyboard */; };
		84A3B57928041EED0081ABF1 /* Assets.xcassets in Resources */ = {isa = PBXBuildFile; fileRef = 84A3B57828041EED0081ABF1 /* Assets.xcassets */; };
		84A3B57C28041EED0081ABF1 /* LaunchScreen.storyboard in Resources */ = {isa = PBXBuildFile; fileRef = 84A3B57A28041EED0081ABF1 /* LaunchScreen.storyboard */; };
		84A3B58728041EEE0081ABF1 /* MoviesTests.swift in Sources */ = {isa = PBXBuildFile; fileRef = 84A3B58628041EEE0081ABF1 /* MoviesTests.swift */; };
		84A3B59128041EEE0081ABF1 /* MoviesUITests.swift in Sources */ = {isa = PBXBuildFile; fileRef = 84A3B59028041EEE0081ABF1 /* MoviesUITests.swift */; };
		84A3B59328041EEE0081ABF1 /* MoviesUITestsLaunchTests.swift in Sources */ = {isa = PBXBuildFile; fileRef = 84A3B59228041EEE0081ABF1 /* MoviesUITestsLaunchTests.swift */; };
		84A3B5A32804213F0081ABF1 /* Movies.xcdatamodeld in Sources */ = {isa = PBXBuildFile; fileRef = 84A3B5A12804213F0081ABF1 /* Movies.xcdatamodeld */; };
/* End PBXBuildFile section */

/* Begin PBXContainerItemProxy section */
		84A3B58328041EEE0081ABF1 /* PBXContainerItemProxy */ = {
			isa = PBXContainerItemProxy;
			containerPortal = 84A3B56428041EEB0081ABF1 /* Project object */;
			proxyType = 1;
			remoteGlobalIDString = 84A3B56B28041EEB0081ABF1;
			remoteInfo = Movies;
		};
		84A3B58D28041EEE0081ABF1 /* PBXContainerItemProxy */ = {
			isa = PBXContainerItemProxy;
			containerPortal = 84A3B56428041EEB0081ABF1 /* Project object */;
			proxyType = 1;
			remoteGlobalIDString = 84A3B56B28041EEB0081ABF1;
			remoteInfo = Movies;
		};
/* End PBXContainerItemProxy section */

/* Begin PBXFileReference section */
		84A3B56C28041EEB0081ABF1 /* Movies.app */ = {isa = PBXFileReference; explicitFileType = wrapper.application; includeInIndex = 0; path = Movies.app; sourceTree = BUILT_PRODUCTS_DIR; };
		84A3B56F28041EEB0081ABF1 /* AppDelegate.swift */ = {isa = PBXFileReference; lastKnownFileType = sourcecode.swift; path = AppDelegate.swift; sourceTree = "<group>"; };
		84A3B57128041EEB0081ABF1 /* SceneDelegate.swift */ = {isa = PBXFileReference; lastKnownFileType = sourcecode.swift; path = SceneDelegate.swift; sourceTree = "<group>"; };
		84A3B57328041EEB0081ABF1 /* ViewController.swift */ = {isa = PBXFileReference; lastKnownFileType = sourcecode.swift; path = ViewController.swift; sourceTree = "<group>"; };
		84A3B57628041EEB0081ABF1 /* Base */ = {isa = PBXFileReference; lastKnownFileType = file.storyboard; name = Base; path = Base.lproj/Main.storyboard; sourceTree = "<group>"; };
		84A3B57828041EED0081ABF1 /* Assets.xcassets */ = {isa = PBXFileReference; lastKnownFileType = folder.assetcatalog; path = Assets.xcassets; sourceTree = "<group>"; };
		84A3B57B28041EED0081ABF1 /* Base */ = {isa = PBXFileReference; lastKnownFileType = file.storyboard; name = Base; path = Base.lproj/LaunchScreen.storyboard; sourceTree = "<group>"; };
		84A3B57D28041EED0081ABF1 /* Info.plist */ = {isa = PBXFileReference; lastKnownFileType = text.plist.xml; path = Info.plist; sourceTree = "<group>"; };
		84A3B58228041EEE0081ABF1 /* MoviesTests.xctest */ = {isa = PBXFileReference; explicitFileType = wrapper.cfbundle; includeInIndex = 0; path = MoviesTests.xctest; sourceTree = BUILT_PRODUCTS_DIR; };
		84A3B58628041EEE0081ABF1 /* MoviesTests.swift */ = {isa = PBXFileReference; lastKnownFileType = sourcecode.swift; path = MoviesTests.swift; sourceTree = "<group>"; };
		84A3B58C28041EEE0081ABF1 /* MoviesUITests.xctest */ = {isa = PBXFileReference; explicitFileType = wrapper.cfbundle; includeInIndex = 0; path = MoviesUITests.xctest; sourceTree = BUILT_PRODUCTS_DIR; };
		84A3B59028041EEE0081ABF1 /* MoviesUITests.swift */ = {isa = PBXFileReference; lastKnownFileType = sourcecode.swift; path = MoviesUITests.swift; sourceTree = "<group>"; };
		84A3B59228041EEE0081ABF1 /* MoviesUITestsLaunchTests.swift */ = {isa = PBXFileReference; lastKnownFileType = sourcecode.swift; path = MoviesUITestsLaunchTests.swift; sourceTree = "<group>"; };
		84A3B5A22804213F0081ABF1 /* Movies.xcdatamodel */ = {isa = PBXFileReference; lastKnownFileType = wrapper.xcdatamodel; path = Movies.xcdatamodel; sourceTree = "<group>"; };
/* End PBXFileReference section */

/* Begin PBXFrameworksBuildPhase section */
		84A3B56928041EEB0081ABF1 /* Frameworks */ = {
			isa = PBXFrameworksBuildPhase;
			buildActionMask = 2147483647;
			files = (
			);
			runOnlyForDeploymentPostprocessing = 0;
		};
		84A3B57F28041EEE0081ABF1 /* Frameworks */ = {
			isa = PBXFrameworksBuildPhase;
			buildActionMask = 2147483647;
			files = (
			);
			runOnlyForDeploymentPostprocessing = 0;
		};
		84A3B58928041EEE0081ABF1 /* Frameworks */ = {
			isa = PBXFrameworksBuildPhase;
			buildActionMask = 2147483647;
			files = (
			);
			runOnlyForDeploymentPostprocessing = 0;
		};
/* End PBXFrameworksBuildPhase section */

/* Begin PBXGroup section */
		84A3B56328041EEB0081ABF1 = {
			isa = PBXGroup;
			children = (
				84A3B56E28041EEB0081ABF1 /* Movies */,
				84A3B58528041EEE0081ABF1 /* MoviesTests */,
				84A3B58F28041EEE0081ABF1 /* MoviesUITests */,
				84A3B56D28041EEB0081ABF1 /* Products */,
			);
			sourceTree = "<group>";
		};
		84A3B56D28041EEB0081ABF1 /* Products */ = {
			isa = PBXGroup;
			children = (
				84A3B56C28041EEB0081ABF1 /* Movies.app */,
				84A3B58228041EEE0081ABF1 /* MoviesTests.xctest */,
				84A3B58C28041EEE0081ABF1 /* MoviesUITests.xctest */,
			);
			name = Products;
			sourceTree = "<group>";
		};
		84A3B56E28041EEB0081ABF1 /* Movies */ = {
			isa = PBXGroup;
			children = (
				84A3B59F280421070081ABF1 /* Repository */,
				84A3B56F28041EEB0081ABF1 /* AppDelegate.swift */,
				84A3B57128041EEB0081ABF1 /* SceneDelegate.swift */,
				84A3B57328041EEB0081ABF1 /* ViewController.swift */,
				84A3B57528041EEB0081ABF1 /* Main.storyboard */,
				84A3B57828041EED0081ABF1 /* Assets.xcassets */,
				84A3B57A28041EED0081ABF1 /* LaunchScreen.storyboard */,
				84A3B57D28041EED0081ABF1 /* Info.plist */,
			);
			path = Movies;
			sourceTree = "<group>";
		};
		84A3B58528041EEE0081ABF1 /* MoviesTests */ = {
			isa = PBXGroup;
			children = (
				84A3B58628041EEE0081ABF1 /* MoviesTests.swift */,
			);
			path = MoviesTests;
			sourceTree = "<group>";
		};
		84A3B58F28041EEE0081ABF1 /* MoviesUITests */ = {
			isa = PBXGroup;
			children = (
				84A3B59028041EEE0081ABF1 /* MoviesUITests.swift */,
				84A3B59228041EEE0081ABF1 /* MoviesUITestsLaunchTests.swift */,
			);
			path = MoviesUITests;
			sourceTree = "<group>";
		};
		84A3B59F280421070081ABF1 /* Repository */ = {
			isa = PBXGroup;
			children = (
				84A3B5A0280421170081ABF1 /* CoreData */,
			);
			path = Repository;
			sourceTree = "<group>";
		};
		84A3B5A0280421170081ABF1 /* CoreData */ = {
			isa = PBXGroup;
			children = (
				84A3B5A12804213F0081ABF1 /* Movies.xcdatamodeld */,
			);
			path = CoreData;
			sourceTree = "<group>";
		};
/* End PBXGroup section */

/* Begin PBXNativeTarget section */
		84A3B56B28041EEB0081ABF1 /* Movies */ = {
			isa = PBXNativeTarget;
			buildConfigurationList = 84A3B59628041EEE0081ABF1 /* Build configuration list for PBXNativeTarget "Movies" */;
			buildPhases = (
				84A3B56828041EEB0081ABF1 /* Sources */,
				84A3B56928041EEB0081ABF1 /* Frameworks */,
				84A3B56A28041EEB0081ABF1 /* Resources */,
			);
			buildRules = (
			);
			dependencies = (
			);
			name = Movies;
			productName = Movies;
			productReference = 84A3B56C28041EEB0081ABF1 /* Movies.app */;
			productType = "com.apple.product-type.application";
		};
		84A3B58128041EEE0081ABF1 /* MoviesTests */ = {
			isa = PBXNativeTarget;
			buildConfigurationList = 84A3B59928041EEE0081ABF1 /* Build configuration list for PBXNativeTarget "MoviesTests" */;
			buildPhases = (
				84A3B57E28041EEE0081ABF1 /* Sources */,
				84A3B57F28041EEE0081ABF1 /* Frameworks */,
				84A3B58028041EEE0081ABF1 /* Resources */,
			);
			buildRules = (
			);
			dependencies = (
				84A3B58428041EEE0081ABF1 /* PBXTargetDependency */,
			);
			name = MoviesTests;
			productName = MoviesTests;
			productReference = 84A3B58228041EEE0081ABF1 /* MoviesTests.xctest */;
			productType = "com.apple.product-type.bundle.unit-test";
		};
		84A3B58B28041EEE0081ABF1 /* MoviesUITests */ = {
			isa = PBXNativeTarget;
			buildConfigurationList = 84A3B59C28041EEE0081ABF1 /* Build configuration list for PBXNativeTarget "MoviesUITests" */;
			buildPhases = (
				84A3B58828041EEE0081ABF1 /* Sources */,
				84A3B58928041EEE0081ABF1 /* Frameworks */,
				84A3B58A28041EEE0081ABF1 /* Resources */,
			);
			buildRules = (
			);
			dependencies = (
				84A3B58E28041EEE0081ABF1 /* PBXTargetDependency */,
			);
			name = MoviesUITests;
			productName = MoviesUITests;
			productReference = 84A3B58C28041EEE0081ABF1 /* MoviesUITests.xctest */;
			productType = "com.apple.product-type.bundle.ui-testing";
		};
/* End PBXNativeTarget section */

/* Begin PBXProject section */
		84A3B56428041EEB0081ABF1 /* Project object */ = {
			isa = PBXProject;
			attributes = {
				BuildIndependentTargetsInParallel = 1;
				LastSwiftUpdateCheck = 1320;
				LastUpgradeCheck = 1320;
				TargetAttributes = {
					84A3B56B28041EEB0081ABF1 = {
						CreatedOnToolsVersion = 13.2.1;
					};
					84A3B58128041EEE0081ABF1 = {
						CreatedOnToolsVersion = 13.2.1;
						TestTargetID = 84A3B56B28041EEB0081ABF1;
					};
					84A3B58B28041EEE0081ABF1 = {
						CreatedOnToolsVersion = 13.2.1;
						TestTargetID = 84A3B56B28041EEB0081ABF1;
					};
				};
			};
			buildConfigurationList = 84A3B56728041EEB0081ABF1 /* Build configuration list for PBXProject "Movies" */;
			compatibilityVersion = "Xcode 13.0";
			developmentRegion = en;
			hasScannedForEncodings = 0;
			knownRegions = (
				en,
				Base,
			);
			mainGroup = 84A3B56328041EEB0081ABF1;
			productRefGroup = 84A3B56D28041EEB0081ABF1 /* Products */;
			projectDirPath = "";
			projectRoot = "";
			targets = (
				84A3B56B28041EEB0081ABF1 /* Movies */,
				84A3B58128041EEE0081ABF1 /* MoviesTests */,
				84A3B58B28041EEE0081ABF1 /* MoviesUITests */,
			);
		};
/* End PBXProject section */

/* Begin PBXResourcesBuildPhase section */
		84A3B56A28041EEB0081ABF1 /* Resources */ = {
			isa = PBXResourcesBuildPhase;
			buildActionMask = 2147483647;
			files = (
				84A3B57C28041EED0081ABF1 /* LaunchScreen.storyboard in Resources */,
				84A3B57928041EED0081ABF1 /* Assets.xcassets in Resources */,
				84A3B57728041EEB0081ABF1 /* Main.storyboard in Resources */,
			);
			runOnlyForDeploymentPostprocessing = 0;
		};
		84A3B58028041EEE0081ABF1 /* Resources */ = {
			isa = PBXResourcesBuildPhase;
			buildActionMask = 2147483647;
			files = (
			);
			runOnlyForDeploymentPostprocessing = 0;
		};
		84A3B58A28041EEE0081ABF1 /* Resources */ = {
			isa = PBXResourcesBuildPhase;
			buildActionMask = 2147483647;
			files = (
			);
			runOnlyForDeploymentPostprocessing = 0;
		};
/* End PBXResourcesBuildPhase section */

/* Begin PBXSourcesBuildPhase section */
		84A3B56828041EEB0081ABF1 /* Sources */ = {
			isa = PBXSourcesBuildPhase;
			buildActionMask = 2147483647;
			files = (
				84A3B57428041EEB0081ABF1 /* ViewController.swift in Sources */,
				84A3B57028041EEB0081ABF1 /* AppDelegate.swift in Sources */,
				84A3B5A32804213F0081ABF1 /* Movies.xcdatamodeld in Sources */,
				84A3B57228041EEB0081ABF1 /* SceneDelegate.swift in Sources */,
			);
			runOnlyForDeploymentPostprocessing = 0;
		};
		84A3B57E28041EEE0081ABF1 /* Sources */ = {
			isa = PBXSourcesBuildPhase;
			buildActionMask = 2147483647;
			files = (
				84A3B58728041EEE0081ABF1 /* MoviesTests.swift in Sources */,
			);
			runOnlyForDeploymentPostprocessing = 0;
		};
		84A3B58828041EEE0081ABF1 /* Sources */ = {
			isa = PBXSourcesBuildPhase;
			buildActionMask = 2147483647;
			files = (
				84A3B59128041EEE0081ABF1 /* MoviesUITests.swift in Sources */,
				84A3B59328041EEE0081ABF1 /* MoviesUITestsLaunchTests.swift in Sources */,
			);
			runOnlyForDeploymentPostprocessing = 0;
		};
/* End PBXSourcesBuildPhase section */

/* Begin PBXTargetDependency section */
		84A3B58428041EEE0081ABF1 /* PBXTargetDependency */ = {
			isa = PBXTargetDependency;
			target = 84A3B56B28041EEB0081ABF1 /* Movies */;
			targetProxy = 84A3B58328041EEE0081ABF1 /* PBXContainerItemProxy */;
		};
		84A3B58E28041EEE0081ABF1 /* PBXTargetDependency */ = {
			isa = PBXTargetDependency;
			target = 84A3B56B28041EEB0081ABF1 /* Movies */;
			targetProxy = 84A3B58D28041EEE0081ABF1 /* PBXContainerItemProxy */;
		};
/* End PBXTargetDependency section */

/* Begin PBXVariantGroup section */
		84A3B57528041EEB0081ABF1 /* Main.storyboard */ = {
			isa = PBXVariantGroup;
			children = (
				84A3B57628041EEB0081ABF1 /* Base */,
			);
			name = Main.storyboard;
			sourceTree = "<group>";
		};
		84A3B57A28041EED0081ABF1 /* LaunchScreen.storyboard */ = {
			isa = PBXVariantGroup;
			children = (
				84A3B57B28041EED0081ABF1 /* Base */,
			);
			name = LaunchScreen.storyboard;
			sourceTree = "<group>";
		};
/* End PBXVariantGroup section */

/* Begin XCBuildConfiguration section */
		84A3B59428041EEE0081ABF1 /* Debug */ = {
			isa = XCBuildConfiguration;
			buildSettings = {
				ALWAYS_SEARCH_USER_PATHS = NO;
				CLANG_ANALYZER_NONNULL = YES;
				CLANG_ANALYZER_NUMBER_OBJECT_CONVERSION = YES_AGGRESSIVE;
				CLANG_CXX_LANGUAGE_STANDARD = "gnu++17";
				CLANG_CXX_LIBRARY = "libc++";
				CLANG_ENABLE_MODULES = YES;
				CLANG_ENABLE_OBJC_ARC = YES;
				CLANG_ENABLE_OBJC_WEAK = YES;
				CLANG_WARN_BLOCK_CAPTURE_AUTORELEASING = YES;
				CLANG_WARN_BOOL_CONVERSION = YES;
				CLANG_WARN_COMMA = YES;
				CLANG_WARN_CONSTANT_CONVERSION = YES;
				CLANG_WARN_DEPRECATED_OBJC_IMPLEMENTATIONS = YES;
				CLANG_WARN_DIRECT_OBJC_ISA_USAGE = YES_ERROR;
				CLANG_WARN_DOCUMENTATION_COMMENTS = YES;
				CLANG_WARN_EMPTY_BODY = YES;
				CLANG_WARN_ENUM_CONVERSION = YES;
				CLANG_WARN_INFINITE_RECURSION = YES;
				CLANG_WARN_INT_CONVERSION = YES;
				CLANG_WARN_NON_LITERAL_NULL_CONVERSION = YES;
				CLANG_WARN_OBJC_IMPLICIT_RETAIN_SELF = YES;
				CLANG_WARN_OBJC_LITERAL_CONVERSION = YES;
				CLANG_WARN_OBJC_ROOT_CLASS = YES_ERROR;
				CLANG_WARN_QUOTED_INCLUDE_IN_FRAMEWORK_HEADER = YES;
				CLANG_WARN_RANGE_LOOP_ANALYSIS = YES;
				CLANG_WARN_STRICT_PROTOTYPES = YES;
				CLANG_WARN_SUSPICIOUS_MOVE = YES;
				CLANG_WARN_UNGUARDED_AVAILABILITY = YES_AGGRESSIVE;
				CLANG_WARN_UNREACHABLE_CODE = YES;
				CLANG_WARN__DUPLICATE_METHOD_MATCH = YES;
				COPY_PHASE_STRIP = NO;
				DEBUG_INFORMATION_FORMAT = dwarf;
				ENABLE_STRICT_OBJC_MSGSEND = YES;
				ENABLE_TESTABILITY = YES;
				GCC_C_LANGUAGE_STANDARD = gnu11;
				GCC_DYNAMIC_NO_PIC = NO;
				GCC_NO_COMMON_BLOCKS = YES;
				GCC_OPTIMIZATION_LEVEL = 0;
				GCC_PREPROCESSOR_DEFINITIONS = (
					"DEBUG=1",
					"$(inherited)",
				);
				GCC_WARN_64_TO_32_BIT_CONVERSION = YES;
				GCC_WARN_ABOUT_RETURN_TYPE = YES_ERROR;
				GCC_WARN_UNDECLARED_SELECTOR = YES;
				GCC_WARN_UNINITIALIZED_AUTOS = YES_AGGRESSIVE;
				GCC_WARN_UNUSED_FUNCTION = YES;
				GCC_WARN_UNUSED_VARIABLE = YES;
				IPHONEOS_DEPLOYMENT_TARGET = 15.2;
				MTL_ENABLE_DEBUG_INFO = INCLUDE_SOURCE;
				MTL_FAST_MATH = YES;
				ONLY_ACTIVE_ARCH = YES;
				SDKROOT = iphoneos;
				SWIFT_ACTIVE_COMPILATION_CONDITIONS = DEBUG;
				SWIFT_OPTIMIZATION_LEVEL = "-Onone";
			};
			name = Debug;
		};
		84A3B59528041EEE0081ABF1 /* Release */ = {
			isa = XCBuildConfiguration;
			buildSettings = {
				ALWAYS_SEARCH_USER_PATHS = NO;
				CLANG_ANALYZER_NONNULL = YES;
				CLANG_ANALYZER_NUMBER_OBJECT_CONVERSION = YES_AGGRESSIVE;
				CLANG_CXX_LANGUAGE_STANDARD = "gnu++17";
				CLANG_CXX_LIBRARY = "libc++";
				CLANG_ENABLE_MODULES = YES;
				CLANG_ENABLE_OBJC_ARC = YES;
				CLANG_ENABLE_OBJC_WEAK = YES;
				CLANG_WARN_BLOCK_CAPTURE_AUTORELEASING = YES;
				CLANG_WARN_BOOL_CONVERSION = YES;
				CLANG_WARN_COMMA = YES;
				CLANG_WARN_CONSTANT_CONVERSION = YES;
				CLANG_WARN_DEPRECATED_OBJC_IMPLEMENTATIONS = YES;
				CLANG_WARN_DIRECT_OBJC_ISA_USAGE = YES_ERROR;
				CLANG_WARN_DOCUMENTATION_COMMENTS = YES;
				CLANG_WARN_EMPTY_BODY = YES;
				CLANG_WARN_ENUM_CONVERSION = YES;
				CLANG_WARN_INFINITE_RECURSION = YES;
				CLANG_WARN_INT_CONVERSION = YES;
				CLANG_WARN_NON_LITERAL_NULL_CONVERSION = YES;
				CLANG_WARN_OBJC_IMPLICIT_RETAIN_SELF = YES;
				CLANG_WARN_OBJC_LITERAL_CONVERSION = YES;
				CLANG_WARN_OBJC_ROOT_CLASS = YES_ERROR;
				CLANG_WARN_QUOTED_INCLUDE_IN_FRAMEWORK_HEADER = YES;
				CLANG_WARN_RANGE_LOOP_ANALYSIS = YES;
				CLANG_WARN_STRICT_PROTOTYPES = YES;
				CLANG_WARN_SUSPICIOUS_MOVE = YES;
				CLANG_WARN_UNGUARDED_AVAILABILITY = YES_AGGRESSIVE;
				CLANG_WARN_UNREACHABLE_CODE = YES;
				CLANG_WARN__DUPLICATE_METHOD_MATCH = YES;
				COPY_PHASE_STRIP = NO;
				DEBUG_INFORMATION_FORMAT = "dwarf-with-dsym";
				ENABLE_NS_ASSERTIONS = NO;
				ENABLE_STRICT_OBJC_MSGSEND = YES;
				GCC_C_LANGUAGE_STANDARD = gnu11;
				GCC_NO_COMMON_BLOCKS = YES;
				GCC_WARN_64_TO_32_BIT_CONVERSION = YES;
				GCC_WARN_ABOUT_RETURN_TYPE = YES_ERROR;
				GCC_WARN_UNDECLARED_SELECTOR = YES;
				GCC_WARN_UNINITIALIZED_AUTOS = YES_AGGRESSIVE;
				GCC_WARN_UNUSED_FUNCTION = YES;
				GCC_WARN_UNUSED_VARIABLE = YES;
				IPHONEOS_DEPLOYMENT_TARGET = 15.2;
				MTL_ENABLE_DEBUG_INFO = NO;
				MTL_FAST_MATH = YES;
				SDKROOT = iphoneos;
				SWIFT_COMPILATION_MODE = wholemodule;
				SWIFT_OPTIMIZATION_LEVEL = "-O";
				VALIDATE_PRODUCT = YES;
			};
			name = Release;
		};
		84A3B59728041EEE0081ABF1 /* Debug */ = {
			isa = XCBuildConfiguration;
			buildSettings = {
				ASSETCATALOG_COMPILER_APPICON_NAME = AppIcon;
				ASSETCATALOG_COMPILER_GLOBAL_ACCENT_COLOR_NAME = AccentColor;
				CODE_SIGN_STYLE = Automatic;
				CURRENT_PROJECT_VERSION = 1;
				GENERATE_INFOPLIST_FILE = YES;
				INFOPLIST_FILE = Movies/Info.plist;
				INFOPLIST_KEY_UIApplicationSupportsIndirectInputEvents = YES;
				INFOPLIST_KEY_UILaunchStoryboardName = LaunchScreen;
				INFOPLIST_KEY_UIMainStoryboardFile = Main;
				INFOPLIST_KEY_UISupportedInterfaceOrientations_iPad = "UIInterfaceOrientationPortrait UIInterfaceOrientationPortraitUpsideDown UIInterfaceOrientationLandscapeLeft UIInterfaceOrientationLandscapeRight";
				INFOPLIST_KEY_UISupportedInterfaceOrientations_iPhone = "UIInterfaceOrientationPortrait UIInterfaceOrientationLandscapeLeft UIInterfaceOrientationLandscapeRight";
				LD_RUNPATH_SEARCH_PATHS = (
					"$(inherited)",
					"@executable_path/Frameworks",
				);
				MARKETING_VERSION = 1.0;
				PRODUCT_BUNDLE_IDENTIFIER = com.mac.Movies;
				PRODUCT_NAME = "$(TARGET_NAME)";
				SWIFT_EMIT_LOC_STRINGS = YES;
				SWIFT_VERSION = 5.0;
				TARGETED_DEVICE_FAMILY = "1,2";
			};
			name = Debug;
		};
		84A3B59828041EEE0081ABF1 /* Release */ = {
			isa = XCBuildConfiguration;
			buildSettings = {
				ASSETCATALOG_COMPILER_APPICON_NAME = AppIcon;
				ASSETCATALOG_COMPILER_GLOBAL_ACCENT_COLOR_NAME = AccentColor;
				CODE_SIGN_STYLE = Automatic;
				CURRENT_PROJECT_VERSION = 1;
				GENERATE_INFOPLIST_FILE = YES;
				INFOPLIST_FILE = Movies/Info.plist;
				INFOPLIST_KEY_UIApplicationSupportsIndirectInputEvents = YES;
				INFOPLIST_KEY_UILaunchStoryboardName = LaunchScreen;
				INFOPLIST_KEY_UIMainStoryboardFile = Main;
				INFOPLIST_KEY_UISupportedInterfaceOrientations_iPad = "UIInterfaceOrientationPortrait UIInterfaceOrientationPortraitUpsideDown UIInterfaceOrientationLandscapeLeft UIInterfaceOrientationLandscapeRight";
				INFOPLIST_KEY_UISupportedInterfaceOrientations_iPhone = "UIInterfaceOrientationPortrait UIInterfaceOrientationLandscapeLeft UIInterfaceOrientationLandscapeRight";
				LD_RUNPATH_SEARCH_PATHS = (
					"$(inherited)",
					"@executable_path/Frameworks",
				);
				MARKETING_VERSION = 1.0;
				PRODUCT_BUNDLE_IDENTIFIER = com.mac.Movies;
				PRODUCT_NAME = "$(TARGET_NAME)";
				SWIFT_EMIT_LOC_STRINGS = YES;
				SWIFT_VERSION = 5.0;
				TARGETED_DEVICE_FAMILY = "1,2";
			};
			name = Release;
		};
		84A3B59A28041EEE0081ABF1 /* Debug */ = {
			isa = XCBuildConfiguration;
			buildSettings = {
				ALWAYS_EMBED_SWIFT_STANDARD_LIBRARIES = YES;
				BUNDLE_LOADER = "$(TEST_HOST)";
				CODE_SIGN_STYLE = Automatic;
				CURRENT_PROJECT_VERSION = 1;
				GENERATE_INFOPLIST_FILE = YES;
				IPHONEOS_DEPLOYMENT_TARGET = 15.2;
				MARKETING_VERSION = 1.0;
				PRODUCT_BUNDLE_IDENTIFIER = com.mac.MoviesTests;
				PRODUCT_NAME = "$(TARGET_NAME)";
				SWIFT_EMIT_LOC_STRINGS = NO;
				SWIFT_VERSION = 5.0;
				TARGETED_DEVICE_FAMILY = "1,2";
				TEST_HOST = "$(BUILT_PRODUCTS_DIR)/Movies.app/Movies";
			};
			name = Debug;
		};
		84A3B59B28041EEE0081ABF1 /* Release */ = {
			isa = XCBuildConfiguration;
			buildSettings = {
				ALWAYS_EMBED_SWIFT_STANDARD_LIBRARIES = YES;
				BUNDLE_LOADER = "$(TEST_HOST)";
				CODE_SIGN_STYLE = Automatic;
				CURRENT_PROJECT_VERSION = 1;
				GENERATE_INFOPLIST_FILE = YES;
				IPHONEOS_DEPLOYMENT_TARGET = 15.2;
				MARKETING_VERSION = 1.0;
				PRODUCT_BUNDLE_IDENTIFIER = com.mac.MoviesTests;
				PRODUCT_NAME = "$(TARGET_NAME)";
				SWIFT_EMIT_LOC_STRINGS = NO;
				SWIFT_VERSION = 5.0;
				TARGETED_DEVICE_FAMILY = "1,2";
				TEST_HOST = "$(BUILT_PRODUCTS_DIR)/Movies.app/Movies";
			};
			name = Release;
		};
		84A3B59D28041EEE0081ABF1 /* Debug */ = {
			isa = XCBuildConfiguration;
			buildSettings = {
				ALWAYS_EMBED_SWIFT_STANDARD_LIBRARIES = YES;
				CODE_SIGN_STYLE = Automatic;
				CURRENT_PROJECT_VERSION = 1;
				GENERATE_INFOPLIST_FILE = YES;
				MARKETING_VERSION = 1.0;
				PRODUCT_BUNDLE_IDENTIFIER = com.mac.MoviesUITests;
				PRODUCT_NAME = "$(TARGET_NAME)";
				SWIFT_EMIT_LOC_STRINGS = NO;
				SWIFT_VERSION = 5.0;
				TARGETED_DEVICE_FAMILY = "1,2";
				TEST_TARGET_NAME = Movies;
			};
			name = Debug;
		};
		84A3B59E28041EEE0081ABF1 /* Release */ = {
			isa = XCBuildConfiguration;
			buildSettings = {
				ALWAYS_EMBED_SWIFT_STANDARD_LIBRARIES = YES;
				CODE_SIGN_STYLE = Automatic;
				CURRENT_PROJECT_VERSION = 1;
				GENERATE_INFOPLIST_FILE = YES;
				MARKETING_VERSION = 1.0;
				PRODUCT_BUNDLE_IDENTIFIER = com.mac.MoviesUITests;
				PRODUCT_NAME = "$(TARGET_NAME)";
				SWIFT_EMIT_LOC_STRINGS = NO;
				SWIFT_VERSION = 5.0;
				TARGETED_DEVICE_FAMILY = "1,2";
				TEST_TARGET_NAME = Movies;
			};
			name = Release;
		};
/* End XCBuildConfiguration section */

/* Begin XCConfigurationList section */
		84A3B56728041EEB0081ABF1 /* Build configuration list for PBXProject "Movies" */ = {
			isa = XCConfigurationList;
			buildConfigurations = (
				84A3B59428041EEE0081ABF1 /* Debug */,
				84A3B59528041EEE0081ABF1 /* Release */,
			);
			defaultConfigurationIsVisible = 0;
			defaultConfigurationName = Release;
		};
		84A3B59628041EEE0081ABF1 /* Build configuration list for PBXNativeTarget "Movies" */ = {
			isa = XCConfigurationList;
			buildConfigurations = (
				84A3B59728041EEE0081ABF1 /* Debug */,
				84A3B59828041EEE0081ABF1 /* Release */,
			);
			defaultConfigurationIsVisible = 0;
			defaultConfigurationName = Release;
		};
		84A3B59928041EEE0081ABF1 /* Build configuration list for PBXNativeTarget "MoviesTests" */ = {
			isa = XCConfigurationList;
			buildConfigurations = (
				84A3B59A28041EEE0081ABF1 /* Debug */,
				84A3B59B28041EEE0081ABF1 /* Release */,
			);
			defaultConfigurationIsVisible = 0;
			defaultConfigurationName = Release;
		};
		84A3B59C28041EEE0081ABF1 /* Build configuration list for PBXNativeTarget "MoviesUITests" */ = {
			isa = XCConfigurationList;
			buildConfigurations = (
				84A3B59D28041EEE0081ABF1 /* Debug */,
				84A3B59E28041EEE0081ABF1 /* Release */,
			);
			defaultConfigurationIsVisible = 0;
			defaultConfigurationName = Release;
		};
/* End XCConfigurationList section */

/* Begin XCVersionGroup section */
		84A3B5A12804213F0081ABF1 /* Movies.xcdatamodeld */ = {
			isa = XCVersionGroup;
			children = (
				84A3B5A22804213F0081ABF1 /* Movies.xcdatamodel */,
			);
			currentVersion = 84A3B5A22804213F0081ABF1 /* Movies.xcdatamodel */;
			path = Movies.xcdatamodeld;
			sourceTree = "<group>";
			versionGroupType = wrapper.xcdatamodel;
		};
/* End XCVersionGroup section */
	};
	rootObject = 84A3B56428041EEB0081ABF1 /* Project object */;
}
